# This file is generated by running "yarn install" inside your project.
# Manual changes might be lost - proceed with caution!

__metadata:
  version: 6
  cacheKey: 8

"@types/node@npm:^17.0.39":
  version: 17.0.39
  resolution: "@types/node@npm:17.0.39"
  checksum: 1258561d0af920e52a64cdebb58534ba6cf82fd58697d12a55a11a3747b211f98d316a05fb59cd5b453af5305682dade835ec27666d7fe557156080ea645efb8
  languageName: node
  linkType: hard

"minimist@npm:^1.2.6":
  version: 1.2.6
  resolution: "minimist@npm:1.2.6"
  checksum: d15428cd1e11eb14e1233bcfb88ae07ed7a147de251441d61158619dfb32c4d7e9061d09cab4825fdee18ecd6fce323228c8c47b5ba7cd20af378ca4048fb3fb
  languageName: node
  linkType: hard

"neutralino-extension@workspace:.":
  version: 0.0.0-use.local
  resolution: "neutralino-extension@workspace:."
  dependencies:
    "@types/node": ^17.0.39
    minimist: ^1.2.6
    uuid: ^8.3.2
    ws: ^8.7.0
  languageName: unknown
  linkType: soft

"uuid@npm:^8.3.2":
  version: 8.3.2
  resolution: "uuid@npm:8.3.2"
  bin:
    uuid: dist/bin/uuid
  checksum: 5575a8a75c13120e2f10e6ddc801b2c7ed7d8f3c8ac22c7ed0c7b2ba6383ec0abda88c905085d630e251719e0777045ae3236f04c812184b7c765f63a70e58df
  languageName: node
  linkType: hard

"ws@npm:^8.7.0":
  version: 8.7.0
  resolution: "ws@npm:8.7.0"
  peerDependencies:
    bufferutil: ^4.0.1
    utf-8-validate: ^5.0.2
  peerDependenciesMeta:
    bufferutil:
      optional: true
    utf-8-validate:
      optional: true
  checksum: 078fa2dbc06b31a45e0057b19e2930d26c222622e355955afe019c9b9b25f62eb2a8eff7cceabdad04910ecd2bd6ef4fa48e6f3673f2fdddff02a6e4c2459584
  languageName: node
  linkType: hard
